<?xml version="1.0" encoding="utf-8"?>
<Project ToolsVersion="4.0" xmlns="http://schemas.microsoft.com/developer/msbuild/2003">
  <ItemGroup>
    <None Include="..\README.txt" />
  </ItemGroup>
  <ItemGroup>
    <ClCompile Include="imgui.cpp" />
    <ClCompile Include="imgui_demo.cpp" />
    <ClCompile Include="imgui_draw.cpp" />
    <ClCompile Include="imgui_tables.cpp" />
    <ClCompile Include="imgui_widgets.cpp" />
    <ClCompile Include="imgui_impl_opengl3.cpp" />
    <ClCompile Include="imgui_impl_win32.cpp" />
    <ClCompile Include="main.cpp" />
    <ClCompile Include="imgui_stdlib.cpp" />
  </ItemGroup>
  <ItemGroup>
    <ClInclude Include="imconfig.h" />
    <ClInclude Include="imgui_internal.h" />
    <ClInclude Include="imgui_impl_opengl3.h" />
    <ClInclude Include="imgui_impl_opengl3_loader.h" />
    <ClInclude Include="imgui_impl_win32.h" />
    <ClInclude Include="resource.h" />
    <ClInclude Include="stb_image.h" />
    <ClInclude Include="imgui_stdlib.h" />
  </ItemGroup>
  <ItemGroup>
    <ResourceCompile Include="Electik Calc.rc" />
  </ItemGroup>
  <ItemGroup>
    <Image Include="d.ico" />
    <Image Include="Release\logo.png" />
  </ItemGroup>
</Project>